
Microsoft Visual Studio Solution File, Format Version 12.00
# Visual Studio Version 16
VisualStudioVersion = 16.0.32428.217
MinimumVisualStudioVersion = 10.0.40219.1
Project("{D2ABAB84-BF74-430A-B69E-9DC6D40DDA17}") = "DW_Final_Lab08", "DW_Final_Lab08\DW_Final_Lab08.dwproj", "{DDEFAFC9-8F4E-4E72-BF13-198B4EE0C585}"
EndProject
Global
	GlobalSection(SolutionConfigurationPlatforms) = preSolution
		Development|Default = Development|Default
	EndGlobalSection
	GlobalSection(ProjectConfigurationPlatforms) = postSolution
		{DDEFAFC9-8F4E-4E72-BF13-198B4EE0C585}.Development|Default.ActiveCfg = Development
		{DDEFAFC9-8F4E-4E72-BF13-198B4EE0C585}.Development|Default.Build.0 = Development
		{DDEFAFC9-8F4E-4E72-BF13-198B4EE0C585}.Development|Default.Deploy.0 = Development
	EndGlobalSection
	GlobalSection(SolutionProperties) = preSolution
		HideSolutionNode = FALSE
	EndGlobalSection
	GlobalSection(ExtensibilityGlobals) = postSolution
		SolutionGuid = {17E12859-703F-4957-9CCA-3DAC808891F4}
	EndGlobalSection
EndGlobal
