
Microsoft Visual Studio Solution File, Format Version 12.00
# Visual Studio Version 16
VisualStudioVersion = 16.0.32428.217
MinimumVisualStudioVersion = 10.0.40219.1
Project("{D2ABAB84-BF74-430A-B69E-9DC6D40DDA17}") = "Lab09-MultiDimensional_Model", "Lab09-MultiDimensional_Model\Lab09-MultiDimensional_Model.dwproj", "{98C0FAF7-8B20-486B-BBF7-904DE6A227C4}"
EndProject
Global
	GlobalSection(SolutionConfigurationPlatforms) = preSolution
		Development|Default = Development|Default
	EndGlobalSection
	GlobalSection(ProjectConfigurationPlatforms) = postSolution
		{98C0FAF7-8B20-486B-BBF7-904DE6A227C4}.Development|Default.ActiveCfg = Development
		{98C0FAF7-8B20-486B-BBF7-904DE6A227C4}.Development|Default.Build.0 = Development
		{98C0FAF7-8B20-486B-BBF7-904DE6A227C4}.Development|Default.Deploy.0 = Development
	EndGlobalSection
	GlobalSection(SolutionProperties) = preSolution
		HideSolutionNode = FALSE
	EndGlobalSection
	GlobalSection(ExtensibilityGlobals) = postSolution
		SolutionGuid = {4AB91E6F-A441-47FB-A34E-B38C1BCC0C44}
	EndGlobalSection
EndGlobal
